dependencies:
- name: commons
  repository: https://helm.wyrihaximus.net/
  version: 0.1.1
- name: horizontal-pod-autoscalers
  repository: https://helm.wyrihaximus.net/
  version: 1.0.0
digest: sha256:dd1c10fb1e0cbdf9b2cec37ad29a91be3827b719bbc3cb57dacbd5fa2e98ae48
generated: "2024-11-17T13:47:42.04627219Z"
