dependencies:
- name: commons
  repository: https://helm.wyrihaximus.net/
  version: 0.1.0
- name: cron-jobs
  repository: https://helm.wyrihaximus.net/
  version: 0.1.2
- name: horizontal-pod-autoscalers
  repository: https://helm.wyrihaximus.net/
  version: 0.2.0
digest: sha256:9311081e2d53beca7cf5d1bf74a8f755085bbaafec6c1ae2efee4afd6c1b30a5
generated: "2020-12-11T00:18:29.908368+01:00"
