dependencies:
- name: commons
  repository: https://helm.wyrihaximus.net/
  version: 0.1.1
- name: horizontal-pod-autoscalers
  repository: https://helm.wyrihaximus.net/
  version: 1.0.0
digest: sha256:4c954e3388b7f2b4d0c107b323d0c699e6a8ff5d5d408d72950e12735cb7fb19
generated: "2023-07-25T12:40:34.53809774+02:00"
