dependencies:
- name: commons
  repository: https://helm.wyrihaximus.net/
  version: 0.1.0
- name: horizontal-pod-autoscalers
  repository: https://helm.wyrihaximus.net/
  version: 0.2.0
digest: sha256:05017e6af7c52308e69f1e7769366c66e1e8194661b08792b1d1bb24b2ba49de
generated: "2020-12-09T22:30:21.6534143+01:00"
