dependencies:
- name: commons
  repository: https://helm.wyrihaximus.net/
  version: 0.1.1
- name: cron-jobs
  repository: https://helm.wyrihaximus.net/
  version: 1.0.0
- name: horizontal-pod-autoscalers
  repository: https://helm.wyrihaximus.net/
  version: 0.2.0
digest: sha256:7258d0e1fe5ab4f84a43c432783024209a0f08e97c68d41c39eed5e182dac405
generated: "2023-07-24T21:40:51.633469333Z"
