dependencies:
- name: cron-jobs
  repository: https://helm.wyrihaximus.net/
  version: 0.1.2
- name: horizontal-pod-autoscalers
  repository: https://helm.wyrihaximus.net/
  version: 0.1.0
digest: sha256:61b09b22321149ec73892ea36de12468fa3e35b15756f8f1769c18dfe55142f9
generated: "2020-10-20T19:30:33.002238289+02:00"
