dependencies:
- name: commons
  repository: https://helm.wyrihaximus.net/
  version: 0.1.1
- name: cron-jobs
  repository: https://helm.wyrihaximus.net/
  version: 1.0.0
- name: horizontal-pod-autoscalers
  repository: https://helm.wyrihaximus.net/
  version: 1.0.0
digest: sha256:492cac28e956056ef46364a8d6dc10fa34cb5e3be1e4e458a9fa26644973e2f8
generated: "2023-07-25T12:40:50.848308279+02:00"
